github.com/atotto/clipboard v0.1.4 h1:EH0zSVneZPSuFR11BlR9YppQTVDbh5+16AmcJi4g1z4=
github.com/atotto/clipboard v0.1.4/go.mod h1:ZY9tmq7sm5xIbd9bOK4onWV4S6X0u6GY7Vn0Yu86PYI=
github.com/skanehira/clipboard-image v1.0.0 h1:MJ5PeXxDMteS0HCsjvuoMscBi+AtoqCiPX7bZ2OAxDE=
github.com/skanehira/clipboard-image v1.0.0/go.mod h1:WAxMgBkENpa206RHfrqV/5y8Kq7CitAozlvVxQxa9gs=
